
Microsoft Visual Studio Solution File, Format Version 12.00
# Visual Studio Version 17
VisualStudioVersion = 17.5.002.0
MinimumVisualStudioVersion = 10.0.40219.1
Project("{9A19103F-16F7-4668-BE54-9A1E7A4F7556}") = "etapa1", "etapa1.csproj", "{03CA0589-8279-49ED-A582-FF8FE16F07E2}"
EndProject
Global
	GlobalSection(SolutionConfigurationPlatforms) = preSolution
		Debug|Any CPU = Debug|Any CPU
		Release|Any CPU = Release|Any CPU
	EndGlobalSection
	GlobalSection(ProjectConfigurationPlatforms) = postSolution
		{03CA0589-8279-49ED-A582-FF8FE16F07E2}.Debug|Any CPU.ActiveCfg = Debug|Any CPU
		{03CA0589-8279-49ED-A582-FF8FE16F07E2}.Debug|Any CPU.Build.0 = Debug|Any CPU
		{03CA0589-8279-49ED-A582-FF8FE16F07E2}.Release|Any CPU.ActiveCfg = Release|Any CPU
		{03CA0589-8279-49ED-A582-FF8FE16F07E2}.Release|Any CPU.Build.0 = Release|Any CPU
	EndGlobalSection
	GlobalSection(SolutionProperties) = preSolution
		HideSolutionNode = FALSE
	EndGlobalSection
	GlobalSection(ExtensibilityGlobals) = postSolution
		SolutionGuid = {97EDAE69-9FFA-43F7-8601-9C1BC822AB4A}
	EndGlobalSection
EndGlobal
